
Microsoft Visual Studio Solution File, Format Version 12.00
# Visual Studio Version 16
VisualStudioVersion = 25.0.1704.5
MinimumVisualStudioVersion = 10.0.40219.1
Project("{FAE04EC0-301F-11D3-BF4B-00C04F79EFBC}") = "IdentityServer.IntegrationTests", "IdentityServer.IntegrationTests.csproj", "{6929F49E-3115-497A-A745-F21AC34733F4}"
EndProject
Global
	GlobalSection(SolutionConfigurationPlatforms) = preSolution
		Debug|Any CPU = Debug|Any CPU
		Release|Any CPU = Release|Any CPU
	EndGlobalSection
	GlobalSection(ProjectConfigurationPlatforms) = postSolution
		{6929F49E-3115-497A-A745-F21AC34733F4}.Debug|Any CPU.ActiveCfg = Debug|Any CPU
		{6929F49E-3115-497A-A745-F21AC34733F4}.Debug|Any CPU.Build.0 = Debug|Any CPU
		{6929F49E-3115-497A-A745-F21AC34733F4}.Release|Any CPU.ActiveCfg = Release|Any CPU
		{6929F49E-3115-497A-A745-F21AC34733F4}.Release|Any CPU.Build.0 = Release|Any CPU
	EndGlobalSection
	GlobalSection(SolutionProperties) = preSolution
		HideSolutionNode = FALSE
	EndGlobalSection
	GlobalSection(ExtensibilityGlobals) = postSolution
		SolutionGuid = {C6BEF9CB-05DA-4F2E-BC9B-C2E055E89F1E}
	EndGlobalSection
EndGlobal
